
Microsoft Visual Studio Solution File, Format Version 12.00
# Visual Studio 15
VisualStudioVersion = 15.0.28010.2048
MinimumVisualStudioVersion = 10.0.40219.1
Project("{8BC9CEB8-8B4A-11D0-8D11-00A0C91BC942}") = "xt_inst_gen", "src\xt_inst_gen\xt_inst_gen.vcxproj", "{8B544551-2DDD-44BD-BDDF-5038EE7542A9}"
EndProject
Global
	GlobalSection(SolutionConfigurationPlatforms) = preSolution
		Debug|x64 = Debug|x64
		Debug|x86 = Debug|x86
		Release|x64 = Release|x64
		Release|x86 = Release|x86
	EndGlobalSection
	GlobalSection(ProjectConfigurationPlatforms) = postSolution
		{8B544551-2DDD-44BD-BDDF-5038EE7542A9}.Debug|x64.ActiveCfg = Debug|x64
		{8B544551-2DDD-44BD-BDDF-5038EE7542A9}.Debug|x64.Build.0 = Debug|x64
		{8B544551-2DDD-44BD-BDDF-5038EE7542A9}.Debug|x86.ActiveCfg = Debug|Win32
		{8B544551-2DDD-44BD-BDDF-5038EE7542A9}.Debug|x86.Build.0 = Debug|Win32
		{8B544551-2DDD-44BD-BDDF-5038EE7542A9}.Release|x64.ActiveCfg = Release|x64
		{8B544551-2DDD-44BD-BDDF-5038EE7542A9}.Release|x64.Build.0 = Release|x64
		{8B544551-2DDD-44BD-BDDF-5038EE7542A9}.Release|x86.ActiveCfg = Release|Win32
		{8B544551-2DDD-44BD-BDDF-5038EE7542A9}.Release|x86.Build.0 = Release|Win32
	EndGlobalSection
	GlobalSection(SolutionProperties) = preSolution
		HideSolutionNode = FALSE
	EndGlobalSection
	GlobalSection(ExtensibilityGlobals) = postSolution
		SolutionGuid = {CF7B0B2F-05C4-4089-A66C-D0148D778DFC}
	EndGlobalSection
EndGlobal
